<?xml version="1.0" encoding="utf-8"?>
<Project ToolsVersion="4.0" xmlns="http://schemas.microsoft.com/developer/msbuild/2003">
  <ItemGroup>
    <Filter Include="Source">
      <UniqueIdentifier>{4FC737F1-C7A5-4376-A066-2A32D752A2FF}</UniqueIdentifier>
      <Extensions>cpp;c;cc;cxx;def;odl;idl;hpj;bat;asm;asmx</Extensions>
    </Filter>
    <Filter Include="Source\Graphics">
      <UniqueIdentifier>{7b84f50e-359c-4d27-b3ec-5b70f38b7753}</UniqueIdentifier>
    </Filter>
    <Filter Include="Source\Input">
      <UniqueIdentifier>{9a821edc-ce16-43cc-979c-bc02e0de5523}</UniqueIdentifier>
    </Filter>
    <Filter Include="Source\Math">
      <UniqueIdentifier>{56c9deb0-41d4-4c57-a32b-eb603d65659a}</UniqueIdentifier>
    </Filter>
    <Filter Include="Shaders">
      <UniqueIdentifier>{65ce704c-72d1-4293-9462-25b5c2e1d6ba}</UniqueIdentifier>
    </Filter>
    <Filter Include="Source\Utilities">
      <UniqueIdentifier>{6bb62143-c171-4d1b-b4ef-b859fb0f039c}</UniqueIdentifier>
    </Filter>
    <Filter Include="Source\Graphics\Buffers">
      <UniqueIdentifier>{4bcd0fdb-b516-443a-9863-349a29b38da1}</UniqueIdentifier>
    </Filter>
    <Filter Include="Source\Graphics\Layers">
      <UniqueIdentifier>{4f6a34d5-a7c5-4432-bce0-f73341394c2b}</UniqueIdentifier>
    </Filter>
  </ItemGroup>
  <ItemGroup>
    <ClCompile Include="main.cpp" />
    <ClCompile Include="Math\Mat4x4.cpp">
      <Filter>Source</Filter>
    </ClCompile>
    <ClCompile Include="Math\vector2.cpp">
      <Filter>Source</Filter>
    </ClCompile>
    <ClCompile Include="Math\vector3.cpp">
      <Filter>Source</Filter>
    </ClCompile>
    <ClCompile Include="Math\vector4.cpp">
      <Filter>Source</Filter>
    </ClCompile>
    <ClCompile Include="Graphics\batchRenderer.cpp">
      <Filter>Source</Filter>
    </ClCompile>
    <ClCompile Include="Graphics\label.cpp">
      <Filter>Source</Filter>
    </ClCompile>
    <ClCompile Include="Graphics\renderer2d.cpp">
      <Filter>Source</Filter>
    </ClCompile>
    <ClCompile Include="Graphics\sprite.cpp">
      <Filter>Source</Filter>
    </ClCompile>
    <ClCompile Include="Graphics\texture.cpp">
      <Filter>Source</Filter>
    </ClCompile>
    <ClCompile Include="Graphics\window.cpp">
      <Filter>Source</Filter>
    </ClCompile>
    <ClCompile Include="Graphics\Shaders\Shader.cpp">
      <Filter>Source</Filter>
    </ClCompile>
    <ClCompile Include="Graphics\Layers\group.cpp">
      <Filter>Source</Filter>
    </ClCompile>
    <ClCompile Include="Graphics\Layers\layers.cpp">
      <Filter>Source</Filter>
    </ClCompile>
    <ClCompile Include="Graphics\Buffers\buffer.cpp">
      <Filter>Source</Filter>
    </ClCompile>
    <ClCompile Include="Graphics\Buffers\indexBuffer.cpp">
      <Filter>Source</Filter>
    </ClCompile>
    <ClCompile Include="Graphics\Buffers\vertexArray.cpp">
      <Filter>Source</Filter>
    </ClCompile>
  </ItemGroup>
  <ItemGroup>
    <ClInclude Include="Utils\fileUtil.h" />
    <ClInclude Include="Utils\ImageLoad.h" />
    <ClInclude Include="Utils\timer.h" />
    <ClInclude Include="Math\Mat4x4.h" />
    <ClInclude Include="Math\maths.h" />
    <ClInclude Include="Math\vector2.h" />
    <ClInclude Include="Math\vector3.h" />
    <ClInclude Include="Math\vector4.h" />
    <ClInclude Include="Graphics\batchRenderer.h" />
    <ClInclude Include="Graphics\label.h" />
    <ClInclude Include="Graphics\renderable2d.h" />
    <ClInclude Include="Graphics\renderer2d.h" />
    <ClInclude Include="Graphics\sprite.h" />
    <ClInclude Include="Graphics\texture.h" />
    <ClInclude Include="Graphics\window.h" />
    <ClInclude Include="Graphics\Shaders\Shader.h" />
    <ClInclude Include="Graphics\Layers\group.h" />
    <ClInclude Include="Graphics\Layers\layers.h" />
    <ClInclude Include="Graphics\Buffers\buffer.h" />
    <ClInclude Include="Graphics\Buffers\indexBuffer.h" />
    <ClInclude Include="Graphics\Buffers\vertexArray.h" />
  </ItemGroup>
  <ItemGroup>
    <None Include="Graphics\Shaders\basic.frag" />
    <None Include="Graphics\Shaders\basic.vert" />
  </ItemGroup>
</Project>