<?xml version="1.0" encoding="utf-8"?>
<Project ToolsVersion="4.0" xmlns="http://schemas.microsoft.com/developer/msbuild/2003">
  <ItemGroup>
    <Filter Include="Source">
      <UniqueIdentifier>{4FC737F1-C7A5-4376-A066-2A32D752A2FF}</UniqueIdentifier>
      <Extensions>cpp;c;cc;cxx;def;odl;idl;hpj;bat;asm;asmx</Extensions>
    </Filter>
    <Filter Include="Source\Graphics">
      <UniqueIdentifier>{7b84f50e-359c-4d27-b3ec-5b70f38b7753}</UniqueIdentifier>
    </Filter>
    <Filter Include="Source\Input">
      <UniqueIdentifier>{9a821edc-ce16-43cc-979c-bc02e0de5523}</UniqueIdentifier>
    </Filter>
    <Filter Include="Source\Math">
      <UniqueIdentifier>{56c9deb0-41d4-4c57-a32b-eb603d65659a}</UniqueIdentifier>
    </Filter>
    <Filter Include="Shaders">
      <UniqueIdentifier>{65ce704c-72d1-4293-9462-25b5c2e1d6ba}</UniqueIdentifier>
    </Filter>
    <Filter Include="Source\Utilities">
      <UniqueIdentifier>{6bb62143-c171-4d1b-b4ef-b859fb0f039c}</UniqueIdentifier>
    </Filter>
    <Filter Include="Source\Graphics\Buffers">
      <UniqueIdentifier>{4bcd0fdb-b516-443a-9863-349a29b38da1}</UniqueIdentifier>
    </Filter>
    <Filter Include="Source\Graphics\Layers">
      <UniqueIdentifier>{4f6a34d5-a7c5-4432-bce0-f73341394c2b}</UniqueIdentifier>
    </Filter>
  </ItemGroup>
  <ItemGroup>
    <ClCompile Include="main.cpp" />
  </ItemGroup>
</Project>